
Microsoft Visual Studio Solution File, Format Version 12.00
# Visual Studio Version 17
VisualStudioVersion = 17.10.34607.79
MinimumVisualStudioVersion = 10.0.40219.1
Project("{FAE04EC0-301F-11D3-BF4B-00C04F79EFBC}") = "DemoApp", "DemoApp\DemoApp.csproj", "{FD61F4EA-3F88-4709-9F83-0E7DA8D57CD6}"
EndProject
Global
	GlobalSection(SolutionConfigurationPlatforms) = preSolution
		Debug|Any CPU = Debug|Any CPU
		Release|Any CPU = Release|Any CPU
	EndGlobalSection
	GlobalSection(ProjectConfigurationPlatforms) = postSolution
		{FD61F4EA-3F88-4709-9F83-0E7DA8D57CD6}.Debug|Any CPU.ActiveCfg = Debug|Any CPU
		{FD61F4EA-3F88-4709-9F83-0E7DA8D57CD6}.Debug|Any CPU.Build.0 = Debug|Any CPU
		{FD61F4EA-3F88-4709-9F83-0E7DA8D57CD6}.Release|Any CPU.ActiveCfg = Release|Any CPU
		{FD61F4EA-3F88-4709-9F83-0E7DA8D57CD6}.Release|Any CPU.Build.0 = Release|Any CPU
	EndGlobalSection
	GlobalSection(SolutionProperties) = preSolution
		HideSolutionNode = FALSE
	EndGlobalSection
	GlobalSection(ExtensibilityGlobals) = postSolution
		SolutionGuid = {BAE8C33A-FE7C-41D9-856C-9F09A426BF79}
	EndGlobalSection
EndGlobal
